{
    "name": "cordova-plugin-admob-mediation-facebook-jd",
    "version": "1.3.2",
    "lockfileVersion": 2,
    "requires": true,
    "packages": {
        "": {
            "name": "cordova-plugin-admob-mediation-facebook-jd",
            "version": "1.3.2",
            "license": "MIT"
        }
    }
}
